{
  "name": "miniprogram-test-7-1",
  "version": "1.0.0",
  "lockfileVersion": 1,
  "requires": true,
  "dependencies": {
    "lottie-web": {
      "version": "5.5.3",
      "resolved": "https://registry.npmjs.org/lottie-web/-/lottie-web-5.5.3.tgz",
      "integrity": "sha512-Y8J15chNDjhqKX59Y8X1NxZ5TsqN9K8Pd/bTdnoRhLGsGOPHzon49EDpjco0+JEyi4sJvyNEHaOf69C8cd4WoQ=="
    }
  }
}
